// !$*UTF8*$!
{
	archiveVersion = 1;
	classes = {
	};
	objectVersion = 55;
	objects = {

/* Begin PBXBuildFile section */
		637C5BD427C6F49900852EA4 /* AppDelegate.swift in Sources */ = {isa = PBXBuildFile; fileRef = 637C5BD327C6F49900852EA4 /* AppDelegate.swift */; };
		637C5BD627C6F49900852EA4 /* SceneDelegate.swift in Sources */ = {isa = PBXBuildFile; fileRef = 637C5BD527C6F49900852EA4 /* SceneDelegate.swift */; };
		637C5BD827C6F49900852EA4 /* ViewController.swift in Sources */ = {isa = PBXBuildFile; fileRef = 637C5BD727C6F49900852EA4 /* ViewController.swift */; };
		637C5BDB27C6F49900852EA4 /* Main.storyboard in Resources */ = {isa = PBXBuildFile; fileRef = 637C5BD927C6F49900852EA4 /* Main.storyboard */; };
		637C5BDD27C6F49A00852EA4 /* Assets.xcassets in Resources */ = {isa = PBXBuildFile; fileRef = 637C5BDC27C6F49A00852EA4 /* Assets.xcassets */; };
		637C5BE027C6F49A00852EA4 /* LaunchScreen.storyboard in Resources */ = {isa = PBXBuildFile; fileRef = 637C5BDE27C6F49A00852EA4 /* LaunchScreen.storyboard */; };
		637C5BEB27C6F49A00852EA4 /* FlixTests.swift in Sources */ = {isa = PBXBuildFile; fileRef = 637C5BEA27C6F49A00852EA4 /* FlixTests.swift */; };
		637C5BF527C6F49A00852EA4 /* FlixUITests.swift in Sources */ = {isa = PBXBuildFile; fileRef = 637C5BF427C6F49A00852EA4 /* FlixUITests.swift */; };
		637C5BF727C6F49A00852EA4 /* FlixUITestsLaunchTests.swift in Sources */ = {isa = PBXBuildFile; fileRef = 637C5BF627C6F49A00852EA4 /* FlixUITestsLaunchTests.swift */; };
/* End PBXBuildFile section */

/* Begin PBXContainerItemProxy section */
		637C5BE727C6F49A00852EA4 /* PBXContainerItemProxy */ = {
			isa = PBXContainerItemProxy;
			containerPortal = 637C5BC827C6F49900852EA4 /* Project object */;
			proxyType = 1;
			remoteGlobalIDString = 637C5BCF27C6F49900852EA4;
			remoteInfo = Flix;
		};
		637C5BF127C6F49A00852EA4 /* PBXContainerItemProxy */ = {
			isa = PBXContainerItemProxy;
			containerPortal = 637C5BC827C6F49900852EA4 /* Project object */;
			proxyType = 1;
			remoteGlobalIDString = 637C5BCF27C6F49900852EA4;
			remoteInfo = Flix;
		};
/* End PBXContainerItemProxy section */

/* Begin PBXFileReference section */
		637C5BD027C6F49900852EA4 /* Flix.app */ = {isa = PBXFileReference; explicitFileType = wrapper.application; includeInIndex = 0; path = Flix.app; sourceTree = BUILT_PRODUCTS_DIR; };
		637C5BD327C6F49900852EA4 /* AppDelegate.swift */ = {isa = PBXFileReference; lastKnownFileType = sourcecode.swift; path = AppDelegate.swift; sourceTree = "<group>"; };
		637C5BD527C6F49900852EA4 /* SceneDelegate.swift */ = {isa = PBXFileReference; lastKnownFileType = sourcecode.swift; path = SceneDelegate.swift; sourceTree = "<group>"; };
		637C5BD727C6F49900852EA4 /* ViewController.swift */ = {isa = PBXFileReference; lastKnownFileType = sourcecode.swift; path = ViewController.swift; sourceTree = "<group>"; };
		637C5BDA27C6F49900852EA4 /* Base */ = {isa = PBXFileReference; lastKnownFileType = file.storyboard; name = Base; path = Base.lproj/Main.storyboard; sourceTree = "<group>"; };
		637C5BDC27C6F49A00852EA4 /* Assets.xcassets */ = {isa = PBXFileReference; lastKnownFileType = folder.assetcatalog; path = Assets.xcassets; sourceTree = "<group>"; };
		637C5BDF27C6F49A00852EA4 /* Base */ = {isa = PBXFileReference; lastKnownFileType = file.storyboard; name = Base; path = Base.lproj/LaunchScreen.storyboard; sourceTree = "<group>"; };
		637C5BE127C6F49A00852EA4 /* Info.plist */ = {isa = PBXFileReference; lastKnownFileType = text.plist.xml; path = Info.plist; sourceTree = "<group>"; };
		637C5BE627C6F49A00852EA4 /* FlixTests.xctest */ = {isa = PBXFileReference; explicitFileType = wrapper.cfbundle; includeInIndex = 0; path = FlixTests.xctest; sourceTree = BUILT_PRODUCTS_DIR; };
		637C5BEA27C6F49A00852EA4 /* FlixTests.swift */ = {isa = PBXFileReference; lastKnownFileType = sourcecode.swift; path = FlixTests.swift; sourceTree = "<group>"; };
		637C5BF027C6F49A00852EA4 /* FlixUITests.xctest */ = {isa = PBXFileReference; explicitFileType = wrapper.cfbundle; includeInIndex = 0; path = FlixUITests.xctest; sourceTree = BUILT_PRODUCTS_DIR; };
		637C5BF427C6F49A00852EA4 /* FlixUITests.swift */ = {isa = PBXFileReference; lastKnownFileType = sourcecode.swift; path = FlixUITests.swift; sourceTree = "<group>"; };
		637C5BF627C6F49A00852EA4 /* FlixUITestsLaunchTests.swift */ = {isa = PBXFileReference; lastKnownFileType = sourcecode.swift; path = FlixUITestsLaunchTests.swift; sourceTree = "<group>"; };
/* End PBXFileReference section */

/* Begin PBXFrameworksBuildPhase section */
		637C5BCD27C6F49900852EA4 /* Frameworks */ = {
			isa = PBXFrameworksBuildPhase;
			buildActionMask = 2147483647;
			files = (
			);
			runOnlyForDeploymentPostprocessing = 0;
		};
		637C5BE327C6F49A00852EA4 /* Frameworks */ = {
			isa = PBXFrameworksBuildPhase;
			buildActionMask = 2147483647;
			files = (
			);
			runOnlyForDeploymentPostprocessing = 0;
		};
		637C5BED27C6F49A00852EA4 /* Frameworks */ = {
			isa = PBXFrameworksBuildPhase;
			buildActionMask = 2147483647;
			files = (
			);
			runOnlyForDeploymentPostprocessing = 0;
		};
/* End PBXFrameworksBuildPhase section */

/* Begin PBXGroup section */
		637C5BC727C6F49900852EA4 = {
			isa = PBXGroup;
			children = (
				637C5BD227C6F49900852EA4 /* Flix */,
				637C5BE927C6F49A00852EA4 /* FlixTests */,
				637C5BF327C6F49A00852EA4 /* FlixUITests */,
				637C5BD127C6F49900852EA4 /* Products */,
			);
			sourceTree = "<group>";
		};
		637C5BD127C6F49900852EA4 /* Products */ = {
			isa = PBXGroup;
			children = (
				637C5BD027C6F49900852EA4 /* Flix.app */,
				637C5BE627C6F49A00852EA4 /* FlixTests.xctest */,
				637C5BF027C6F49A00852EA4 /* FlixUITests.xctest */,
			);
			name = Products;
			sourceTree = "<group>";
		};
		637C5BD227C6F49900852EA4 /* Flix */ = {
			isa = PBXGroup;
			children = (
				637C5BD327C6F49900852EA4 /* AppDelegate.swift */,
				637C5BD527C6F49900852EA4 /* SceneDelegate.swift */,
				637C5BD727C6F49900852EA4 /* ViewController.swift */,
				637C5BD927C6F49900852EA4 /* Main.storyboard */,
				637C5BDC27C6F49A00852EA4 /* Assets.xcassets */,
				637C5BDE27C6F49A00852EA4 /* LaunchScreen.storyboard */,
				637C5BE127C6F49A00852EA4 /* Info.plist */,
			);
			path = Flix;
			sourceTree = "<group>";
		};
		637C5BE927C6F49A00852EA4 /* FlixTests */ = {
			isa = PBXGroup;
			children = (
				637C5BEA27C6F49A00852EA4 /* FlixTests.swift */,
			);
			path = FlixTests;
			sourceTree = "<group>";
		};
		637C5BF327C6F49A00852EA4 /* FlixUITests */ = {
			isa = PBXGroup;
			children = (
				637C5BF427C6F49A00852EA4 /* FlixUITests.swift */,
				637C5BF627C6F49A00852EA4 /* FlixUITestsLaunchTests.swift */,
			);
			path = FlixUITests;
			sourceTree = "<group>";
		};
/* End PBXGroup section */

/* Begin PBXNativeTarget section */
		637C5BCF27C6F49900852EA4 /* Flix */ = {
			isa = PBXNativeTarget;
			buildConfigurationList = 637C5BFA27C6F49A00852EA4 /* Build configuration list for PBXNativeTarget "Flix" */;
			buildPhases = (
				637C5BCC27C6F49900852EA4 /* Sources */,
				637C5BCD27C6F49900852EA4 /* Frameworks */,
				637C5BCE27C6F49900852EA4 /* Resources */,
			);
			buildRules = (
			);
			dependencies = (
			);
			name = Flix;
			productName = Flix;
			productReference = 637C5BD027C6F49900852EA4 /* Flix.app */;
			productType = "com.apple.product-type.application";
		};
		637C5BE527C6F49A00852EA4 /* FlixTests */ = {
			isa = PBXNativeTarget;
			buildConfigurationList = 637C5BFD27C6F49A00852EA4 /* Build configuration list for PBXNativeTarget "FlixTests" */;
			buildPhases = (
				637C5BE227C6F49A00852EA4 /* Sources */,
				637C5BE327C6F49A00852EA4 /* Frameworks */,
				637C5BE427C6F49A00852EA4 /* Resources */,
			);
			buildRules = (
			);
			dependencies = (
				637C5BE827C6F49A00852EA4 /* PBXTargetDependency */,
			);
			name = FlixTests;
			productName = FlixTests;
			productReference = 637C5BE627C6F49A00852EA4 /* FlixTests.xctest */;
			productType = "com.apple.product-type.bundle.unit-test";
		};
		637C5BEF27C6F49A00852EA4 /* FlixUITests */ = {
			isa = PBXNativeTarget;
			buildConfigurationList = 637C5C0027C6F49A00852EA4 /* Build configuration list for PBXNativeTarget "FlixUITests" */;
			buildPhases = (
				637C5BEC27C6F49A00852EA4 /* Sources */,
				637C5BED27C6F49A00852EA4 /* Frameworks */,
				637C5BEE27C6F49A00852EA4 /* Resources */,
			);
			buildRules = (
			);
			dependencies = (
				637C5BF227C6F49A00852EA4 /* PBXTargetDependency */,
			);
			name = FlixUITests;
			productName = FlixUITests;
			productReference = 637C5BF027C6F49A00852EA4 /* FlixUITests.xctest */;
			productType = "com.apple.product-type.bundle.ui-testing";
		};
/* End PBXNativeTarget section */

/* Begin PBXProject section */
		637C5BC827C6F49900852EA4 /* Project object */ = {
			isa = PBXProject;
			attributes = {
				BuildIndependentTargetsInParallel = 1;
				LastSwiftUpdateCheck = 1320;
				LastUpgradeCheck = 1320;
				TargetAttributes = {
					637C5BCF27C6F49900852EA4 = {
						CreatedOnToolsVersion = 13.2.1;
					};
					637C5BE527C6F49A00852EA4 = {
						CreatedOnToolsVersion = 13.2.1;
						TestTargetID = 637C5BCF27C6F49900852EA4;
					};
					637C5BEF27C6F49A00852EA4 = {
						CreatedOnToolsVersion = 13.2.1;
						TestTargetID = 637C5BCF27C6F49900852EA4;
					};
				};
			};
			buildConfigurationList = 637C5BCB27C6F49900852EA4 /* Build configuration list for PBXProject "Flix" */;
			compatibilityVersion = "Xcode 13.0";
			developmentRegion = en;
			hasScannedForEncodings = 0;
			knownRegions = (
				en,
				Base,
			);
			mainGroup = 637C5BC727C6F49900852EA4;
			productRefGroup = 637C5BD127C6F49900852EA4 /* Products */;
			projectDirPath = "";
			projectRoot = "";
			targets = (
				637C5BCF27C6F49900852EA4 /* Flix */,
				637C5BE527C6F49A00852EA4 /* FlixTests */,
				637C5BEF27C6F49A00852EA4 /* FlixUITests */,
			);
		};
/* End PBXProject section */

/* Begin PBXResourcesBuildPhase section */
		637C5BCE27C6F49900852EA4 /* Resources */ = {
			isa = PBXResourcesBuildPhase;
			buildActionMask = 2147483647;
			files = (
				637C5BE027C6F49A00852EA4 /* LaunchScreen.storyboard in Resources */,
				637C5BDD27C6F49A00852EA4 /* Assets.xcassets in Resources */,
				637C5BDB27C6F49900852EA4 /* Main.storyboard in Resources */,
			);
			runOnlyForDeploymentPostprocessing = 0;
		};
		637C5BE427C6F49A00852EA4 /* Resources */ = {
			isa = PBXResourcesBuildPhase;
			buildActionMask = 2147483647;
			files = (
			);
			runOnlyForDeploymentPostprocessing = 0;
		};
		637C5BEE27C6F49A00852EA4 /* Resources */ = {
			isa = PBXResourcesBuildPhase;
			buildActionMask = 2147483647;
			files = (
			);
			runOnlyForDeploymentPostprocessing = 0;
		};
/* End PBXResourcesBuildPhase section */

/* Begin PBXSourcesBuildPhase section */
		637C5BCC27C6F49900852EA4 /* Sources */ = {
			isa = PBXSourcesBuildPhase;
			buildActionMask = 2147483647;
			files = (
				637C5BD827C6F49900852EA4 /* ViewController.swift in Sources */,
				637C5BD427C6F49900852EA4 /* AppDelegate.swift in Sources */,
				637C5BD627C6F49900852EA4 /* SceneDelegate.swift in Sources */,
			);
			runOnlyForDeploymentPostprocessing = 0;
		};
		637C5BE227C6F49A00852EA4 /* Sources */ = {
			isa = PBXSourcesBuildPhase;
			buildActionMask = 2147483647;
			files = (
				637C5BEB27C6F49A00852EA4 /* FlixTests.swift in Sources */,
			);
			runOnlyForDeploymentPostprocessing = 0;
		};
		637C5BEC27C6F49A00852EA4 /* Sources */ = {
			isa = PBXSourcesBuildPhase;
			buildActionMask = 2147483647;
			files = (
				637C5BF527C6F49A00852EA4 /* FlixUITests.swift in Sources */,
				637C5BF727C6F49A00852EA4 /* FlixUITestsLaunchTests.swift in Sources */,
			);
			runOnlyForDeploymentPostprocessing = 0;
		};
/* End PBXSourcesBuildPhase section */

/* Begin PBXTargetDependency section */
		637C5BE827C6F49A00852EA4 /* PBXTargetDependency */ = {
			isa = PBXTargetDependency;
			target = 637C5BCF27C6F49900852EA4 /* Flix */;
			targetProxy = 637C5BE727C6F49A00852EA4 /* PBXContainerItemProxy */;
		};
		637C5BF227C6F49A00852EA4 /* PBXTargetDependency */ = {
			isa = PBXTargetDependency;
			target = 637C5BCF27C6F49900852EA4 /* Flix */;
			targetProxy = 637C5BF127C6F49A00852EA4 /* PBXContainerItemProxy */;
		};
/* End PBXTargetDependency section */

/* Begin PBXVariantGroup section */
		637C5BD927C6F49900852EA4 /* Main.storyboard */ = {
			isa = PBXVariantGroup;
			children = (
				637C5BDA27C6F49900852EA4 /* Base */,
			);
			name = Main.storyboard;
			sourceTree = "<group>";
		};
		637C5BDE27C6F49A00852EA4 /* LaunchScreen.storyboard */ = {
			isa = PBXVariantGroup;
			children = (
				637C5BDF27C6F49A00852EA4 /* Base */,
			);
			name = LaunchScreen.storyboard;
			sourceTree = "<group>";
		};
/* End PBXVariantGroup section */

/* Begin XCBuildConfiguration section */
		637C5BF827C6F49A00852EA4 /* Debug */ = {
			isa = XCBuildConfiguration;
			buildSettings = {
				ALWAYS_SEARCH_USER_PATHS = NO;
				CLANG_ANALYZER_NONNULL = YES;
				CLANG_ANALYZER_NUMBER_OBJECT_CONVERSION = YES_AGGRESSIVE;
				CLANG_CXX_LANGUAGE_STANDARD = "gnu++17";
				CLANG_CXX_LIBRARY = "libc++";
				CLANG_ENABLE_MODULES = YES;
				CLANG_ENABLE_OBJC_ARC = YES;
				CLANG_ENABLE_OBJC_WEAK = YES;
				CLANG_WARN_BLOCK_CAPTURE_AUTORELEASING = YES;
				CLANG_WARN_BOOL_CONVERSION = YES;
				CLANG_WARN_COMMA = YES;
				CLANG_WARN_CONSTANT_CONVERSION = YES;
				CLANG_WARN_DEPRECATED_OBJC_IMPLEMENTATIONS = YES;
				CLANG_WARN_DIRECT_OBJC_ISA_USAGE = YES_ERROR;
				CLANG_WARN_DOCUMENTATION_COMMENTS = YES;
				CLANG_WARN_EMPTY_BODY = YES;
				CLANG_WARN_ENUM_CONVERSION = YES;
				CLANG_WARN_INFINITE_RECURSION = YES;
				CLANG_WARN_INT_CONVERSION = YES;
				CLANG_WARN_NON_LITERAL_NULL_CONVERSION = YES;
				CLANG_WARN_OBJC_IMPLICIT_RETAIN_SELF = YES;
				CLANG_WARN_OBJC_LITERAL_CONVERSION = YES;
				CLANG_WARN_OBJC_ROOT_CLASS = YES_ERROR;
				CLANG_WARN_QUOTED_INCLUDE_IN_FRAMEWORK_HEADER = YES;
				CLANG_WARN_RANGE_LOOP_ANALYSIS = YES;
				CLANG_WARN_STRICT_PROTOTYPES = YES;
				CLANG_WARN_SUSPICIOUS_MOVE = YES;
				CLANG_WARN_UNGUARDED_AVAILABILITY = YES_AGGRESSIVE;
				CLANG_WARN_UNREACHABLE_CODE = YES;
				CLANG_WARN__DUPLICATE_METHOD_MATCH = YES;
				COPY_PHASE_STRIP = NO;
				DEBUG_INFORMATION_FORMAT = dwarf;
				ENABLE_STRICT_OBJC_MSGSEND = YES;
				ENABLE_TESTABILITY = YES;
				GCC_C_LANGUAGE_STANDARD = gnu11;
				GCC_DYNAMIC_NO_PIC = NO;
				GCC_NO_COMMON_BLOCKS = YES;
				GCC_OPTIMIZATION_LEVEL = 0;
				GCC_PREPROCESSOR_DEFINITIONS = (
					"DEBUG=1",
					"$(inherited)",
				);
				GCC_WARN_64_TO_32_BIT_CONVERSION = YES;
				GCC_WARN_ABOUT_RETURN_TYPE = YES_ERROR;
				GCC_WARN_UNDECLARED_SELECTOR = YES;
				GCC_WARN_UNINITIALIZED_AUTOS = YES_AGGRESSIVE;
				GCC_WARN_UNUSED_FUNCTION = YES;
				GCC_WARN_UNUSED_VARIABLE = YES;
				IPHONEOS_DEPLOYMENT_TARGET = 15.2;
				MTL_ENABLE_DEBUG_INFO = INCLUDE_SOURCE;
				MTL_FAST_MATH = YES;
				ONLY_ACTIVE_ARCH = YES;
				SDKROOT = iphoneos;
				SWIFT_ACTIVE_COMPILATION_CONDITIONS = DEBUG;
				SWIFT_OPTIMIZATION_LEVEL = "-Onone";
			};
			name = Debug;
		};
		637C5BF927C6F49A00852EA4 /* Release */ = {
			isa = XCBuildConfiguration;
			buildSettings = {
				ALWAYS_SEARCH_USER_PATHS = NO;
				CLANG_ANALYZER_NONNULL = YES;
				CLANG_ANALYZER_NUMBER_OBJECT_CONVERSION = YES_AGGRESSIVE;
				CLANG_CXX_LANGUAGE_STANDARD = "gnu++17";
				CLANG_CXX_LIBRARY = "libc++";
				CLANG_ENABLE_MODULES = YES;
				CLANG_ENABLE_OBJC_ARC = YES;
				CLANG_ENABLE_OBJC_WEAK = YES;
				CLANG_WARN_BLOCK_CAPTURE_AUTORELEASING = YES;
				CLANG_WARN_BOOL_CONVERSION = YES;
				CLANG_WARN_COMMA = YES;
				CLANG_WARN_CONSTANT_CONVERSION = YES;
				CLANG_WARN_DEPRECATED_OBJC_IMPLEMENTATIONS = YES;
				CLANG_WARN_DIRECT_OBJC_ISA_USAGE = YES_ERROR;
				CLANG_WARN_DOCUMENTATION_COMMENTS = YES;
				CLANG_WARN_EMPTY_BODY = YES;
				CLANG_WARN_ENUM_CONVERSION = YES;
				CLANG_WARN_INFINITE_RECURSION = YES;
				CLANG_WARN_INT_CONVERSION = YES;
				CLANG_WARN_NON_LITERAL_NULL_CONVERSION = YES;
				CLANG_WARN_OBJC_IMPLICIT_RETAIN_SELF = YES;
				CLANG_WARN_OBJC_LITERAL_CONVERSION = YES;
				CLANG_WARN_OBJC_ROOT_CLASS = YES_ERROR;
				CLANG_WARN_QUOTED_INCLUDE_IN_FRAMEWORK_HEADER = YES;
				CLANG_WARN_RANGE_LOOP_ANALYSIS = YES;
				CLANG_WARN_STRICT_PROTOTYPES = YES;
				CLANG_WARN_SUSPICIOUS_MOVE = YES;
				CLANG_WARN_UNGUARDED_AVAILABILITY = YES_AGGRESSIVE;
				CLANG_WARN_UNREACHABLE_CODE = YES;
				CLANG_WARN__DUPLICATE_METHOD_MATCH = YES;
				COPY_PHASE_STRIP = NO;
				DEBUG_INFORMATION_FORMAT = "dwarf-with-dsym";
				ENABLE_NS_ASSERTIONS = NO;
				ENABLE_STRICT_OBJC_MSGSEND = YES;
				GCC_C_LANGUAGE_STANDARD = gnu11;
				GCC_NO_COMMON_BLOCKS = YES;
				GCC_WARN_64_TO_32_BIT_CONVERSION = YES;
				GCC_WARN_ABOUT_RETURN_TYPE = YES_ERROR;
				GCC_WARN_UNDECLARED_SELECTOR = YES;
				GCC_WARN_UNINITIALIZED_AUTOS = YES_AGGRESSIVE;
				GCC_WARN_UNUSED_FUNCTION = YES;
				GCC_WARN_UNUSED_VARIABLE = YES;
				IPHONEOS_DEPLOYMENT_TARGET = 15.2;
				MTL_ENABLE_DEBUG_INFO = NO;
				MTL_FAST_MATH = YES;
				SDKROOT = iphoneos;
				SWIFT_COMPILATION_MODE = wholemodule;
				SWIFT_OPTIMIZATION_LEVEL = "-O";
				VALIDATE_PRODUCT = YES;
			};
			name = Release;
		};
		637C5BFB27C6F49A00852EA4 /* Debug */ = {
			isa = XCBuildConfiguration;
			buildSettings = {
				ASSETCATALOG_COMPILER_APPICON_NAME = AppIcon;
				ASSETCATALOG_COMPILER_GLOBAL_ACCENT_COLOR_NAME = AccentColor;
				CODE_SIGN_STYLE = Automatic;
				CURRENT_PROJECT_VERSION = 1;
				DEVELOPMENT_TEAM = 4N8F969738;
				GENERATE_INFOPLIST_FILE = YES;
				INFOPLIST_FILE = Flix/Info.plist;
				INFOPLIST_KEY_UIApplicationSupportsIndirectInputEvents = YES;
				INFOPLIST_KEY_UILaunchStoryboardName = LaunchScreen;
				INFOPLIST_KEY_UIMainStoryboardFile = Main;
				INFOPLIST_KEY_UISupportedInterfaceOrientations_iPad = "UIInterfaceOrientationPortrait UIInterfaceOrientationPortraitUpsideDown UIInterfaceOrientationLandscapeLeft UIInterfaceOrientationLandscapeRight";
				INFOPLIST_KEY_UISupportedInterfaceOrientations_iPhone = "UIInterfaceOrientationPortrait UIInterfaceOrientationLandscapeLeft UIInterfaceOrientationLandscapeRight";
				LD_RUNPATH_SEARCH_PATHS = (
					"$(inherited)",
					"@executable_path/Frameworks",
				);
				MARKETING_VERSION = 1.0;
				PRODUCT_BUNDLE_IDENTIFIER = com.hieungan5b.Flix;
				PRODUCT_NAME = "$(TARGET_NAME)";
				SWIFT_EMIT_LOC_STRINGS = YES;
				SWIFT_VERSION = 5.0;
				TARGETED_DEVICE_FAMILY = "1,2";
			};
			name = Debug;
		};
		637C5BFC27C6F49A00852EA4 /* Release */ = {
			isa = XCBuildConfiguration;
			buildSettings = {
				ASSETCATALOG_COMPILER_APPICON_NAME = AppIcon;
				ASSETCATALOG_COMPILER_GLOBAL_ACCENT_COLOR_NAME = AccentColor;
				CODE_SIGN_STYLE = Automatic;
				CURRENT_PROJECT_VERSION = 1;
				DEVELOPMENT_TEAM = 4N8F969738;
				GENERATE_INFOPLIST_FILE = YES;
				INFOPLIST_FILE = Flix/Info.plist;
				INFOPLIST_KEY_UIApplicationSupportsIndirectInputEvents = YES;
				INFOPLIST_KEY_UILaunchStoryboardName = LaunchScreen;
				INFOPLIST_KEY_UIMainStoryboardFile = Main;
				INFOPLIST_KEY_UISupportedInterfaceOrientations_iPad = "UIInterfaceOrientationPortrait UIInterfaceOrientationPortraitUpsideDown UIInterfaceOrientationLandscapeLeft UIInterfaceOrientationLandscapeRight";
				INFOPLIST_KEY_UISupportedInterfaceOrientations_iPhone = "UIInterfaceOrientationPortrait UIInterfaceOrientationLandscapeLeft UIInterfaceOrientationLandscapeRight";
				LD_RUNPATH_SEARCH_PATHS = (
					"$(inherited)",
					"@executable_path/Frameworks",
				);
				MARKETING_VERSION = 1.0;
				PRODUCT_BUNDLE_IDENTIFIER = com.hieungan5b.Flix;
				PRODUCT_NAME = "$(TARGET_NAME)";
				SWIFT_EMIT_LOC_STRINGS = YES;
				SWIFT_VERSION = 5.0;
				TARGETED_DEVICE_FAMILY = "1,2";
			};
			name = Release;
		};
		637C5BFE27C6F49A00852EA4 /* Debug */ = {
			isa = XCBuildConfiguration;
			buildSettings = {
				ALWAYS_EMBED_SWIFT_STANDARD_LIBRARIES = YES;
				BUNDLE_LOADER = "$(TEST_HOST)";
				CODE_SIGN_STYLE = Automatic;
				CURRENT_PROJECT_VERSION = 1;
				DEVELOPMENT_TEAM = 4N8F969738;
				GENERATE_INFOPLIST_FILE = YES;
				IPHONEOS_DEPLOYMENT_TARGET = 15.2;
				MARKETING_VERSION = 1.0;
				PRODUCT_BUNDLE_IDENTIFIER = com.hieungan5b.FlixTests;
				PRODUCT_NAME = "$(TARGET_NAME)";
				SWIFT_EMIT_LOC_STRINGS = NO;
				SWIFT_VERSION = 5.0;
				TARGETED_DEVICE_FAMILY = "1,2";
				TEST_HOST = "$(BUILT_PRODUCTS_DIR)/Flix.app/Flix";
			};
			name = Debug;
		};
		637C5BFF27C6F49A00852EA4 /* Release */ = {
			isa = XCBuildConfiguration;
			buildSettings = {
				ALWAYS_EMBED_SWIFT_STANDARD_LIBRARIES = YES;
				BUNDLE_LOADER = "$(TEST_HOST)";
				CODE_SIGN_STYLE = Automatic;
				CURRENT_PROJECT_VERSION = 1;
				DEVELOPMENT_TEAM = 4N8F969738;
				GENERATE_INFOPLIST_FILE = YES;
				IPHONEOS_DEPLOYMENT_TARGET = 15.2;
				MARKETING_VERSION = 1.0;
				PRODUCT_BUNDLE_IDENTIFIER = com.hieungan5b.FlixTests;
				PRODUCT_NAME = "$(TARGET_NAME)";
				SWIFT_EMIT_LOC_STRINGS = NO;
				SWIFT_VERSION = 5.0;
				TARGETED_DEVICE_FAMILY = "1,2";
				TEST_HOST = "$(BUILT_PRODUCTS_DIR)/Flix.app/Flix";
			};
			name = Release;
		};
		637C5C0127C6F49A00852EA4 /* Debug */ = {
			isa = XCBuildConfiguration;
			buildSettings = {
				ALWAYS_EMBED_SWIFT_STANDARD_LIBRARIES = YES;
				CODE_SIGN_STYLE = Automatic;
				CURRENT_PROJECT_VERSION = 1;
				DEVELOPMENT_TEAM = 4N8F969738;
				GENERATE_INFOPLIST_FILE = YES;
				MARKETING_VERSION = 1.0;
				PRODUCT_BUNDLE_IDENTIFIER = com.hieungan5b.FlixUITests;
				PRODUCT_NAME = "$(TARGET_NAME)";
				SWIFT_EMIT_LOC_STRINGS = NO;
				SWIFT_VERSION = 5.0;
				TARGETED_DEVICE_FAMILY = "1,2";
				TEST_TARGET_NAME = Flix;
			};
			name = Debug;
		};
		637C5C0227C6F49A00852EA4 /* Release */ = {
			isa = XCBuildConfiguration;
			buildSettings = {
				ALWAYS_EMBED_SWIFT_STANDARD_LIBRARIES = YES;
				CODE_SIGN_STYLE = Automatic;
				CURRENT_PROJECT_VERSION = 1;
				DEVELOPMENT_TEAM = 4N8F969738;
				GENERATE_INFOPLIST_FILE = YES;
				MARKETING_VERSION = 1.0;
				PRODUCT_BUNDLE_IDENTIFIER = com.hieungan5b.FlixUITests;
				PRODUCT_NAME = "$(TARGET_NAME)";
				SWIFT_EMIT_LOC_STRINGS = NO;
				SWIFT_VERSION = 5.0;
				TARGETED_DEVICE_FAMILY = "1,2";
				TEST_TARGET_NAME = Flix;
			};
			name = Release;
		};
/* End XCBuildConfiguration section */

/* Begin XCConfigurationList section */
		637C5BCB27C6F49900852EA4 /* Build configuration list for PBXProject "Flix" */ = {
			isa = XCConfigurationList;
			buildConfigurations = (
				637C5BF827C6F49A00852EA4 /* Debug */,
				637C5BF927C6F49A00852EA4 /* Release */,
			);
			defaultConfigurationIsVisible = 0;
			defaultConfigurationName = Release;
		};
		637C5BFA27C6F49A00852EA4 /* Build configuration list for PBXNativeTarget "Flix" */ = {
			isa = XCConfigurationList;
			buildConfigurations = (
				637C5BFB27C6F49A00852EA4 /* Debug */,
				637C5BFC27C6F49A00852EA4 /* Release */,
			);
			defaultConfigurationIsVisible = 0;
			defaultConfigurationName = Release;
		};
		637C5BFD27C6F49A00852EA4 /* Build configuration list for PBXNativeTarget "FlixTests" */ = {
			isa = XCConfigurationList;
			buildConfigurations = (
				637C5BFE27C6F49A00852EA4 /* Debug */,
				637C5BFF27C6F49A00852EA4 /* Release */,
			);
			defaultConfigurationIsVisible = 0;
			defaultConfigurationName = Release;
		};
		637C5C0027C6F49A00852EA4 /* Build configuration list for PBXNativeTarget "FlixUITests" */ = {
			isa = XCConfigurationList;
			buildConfigurations = (
				637C5C0127C6F49A00852EA4 /* Debug */,
				637C5C0227C6F49A00852EA4 /* Release */,
			);
			defaultConfigurationIsVisible = 0;
			defaultConfigurationName = Release;
		};
/* End XCConfigurationList section */
	};
	rootObject = 637C5BC827C6F49900852EA4 /* Project object */;
}
